dependencies:
- name: postgresql
  repository: oci://registry-1.docker.io/bitnamicharts
  version: 16.6.7
- name: ingress-nginx
  repository: https://kubernetes.github.io/ingress-nginx
  version: 4.12.2
digest: sha256:46e70cdcf5a6b5684365947a28111529d7cf79880c0e55ca27c071e9112d929b
generated: "2025-05-31T16:20:36.6217981+03:00"
